lockfileVersion: '9.0'

settings:
  autoInstallPeers: true
  excludeLinksFromLockfile: false

importers:

  .:
    dependencies:
      '@tanstack/react-query-persist-client':
        specifier: ^5.90.8
        version: 5.90.8(@tanstack/react-query@5.90.6(react@19.2.0))(react@19.2.0)

packages:

  '@tanstack/query-core@5.90.6':
    resolution: {integrity: sha512-AnZSLF26R8uX+tqb/ivdrwbVdGemdEDm1Q19qM6pry6eOZ6bEYiY7mWhzXT1YDIPTNEVcZ5kYP9nWjoxDLiIVw==}

  '@tanstack/query-persist-client-core@5.91.5':
    resolution: {integrity: sha512-wo+8ni3VBNqE2FIo8OiiaxbGNmRgyBalQnLFzupOId9gtOIsr++ADCi0dVnvdf1k+LWGfnijyWFxnXmkDKdf2A==}

  '@tanstack/react-query-persist-client@5.90.8':
    resolution: {integrity: sha512-IcdOPGmk5KoQQxbsZboyurA9n6CKqdnz7BS2TAuPgbCxhVdpXloQ99hJPOk4QEtV3QhdQyAVrntiGfr/ReYobg==}
    peerDependencies:
      '@tanstack/react-query': ^5.90.6
      react: ^18 || ^19

  '@tanstack/react-query@5.90.6':
    resolution: {integrity: sha512-gB1sljYjcobZKxjPbKSa31FUTyr+ROaBdoH+wSSs9Dk+yDCmMs+TkTV3PybRRVLC7ax7q0erJ9LvRWnMktnRAw==}
    peerDependencies:
      react: ^18 || ^19

  react@19.2.0:
    resolution: {integrity: sha512-tmbWg6W31tQLeB5cdIBOicJDJRR2KzXsV7uSK9iNfLWQ5bIZfxuPEHp7M8wiHyHnn0DD1i7w3Zmin0FtkrwoCQ==}
    engines: {node: '>=0.10.0'}

snapshots:

  '@tanstack/query-core@5.90.6': {}

  '@tanstack/query-persist-client-core@5.91.5':
    dependencies:
      '@tanstack/query-core': 5.90.6

  '@tanstack/react-query-persist-client@5.90.8(@tanstack/react-query@5.90.6(react@19.2.0))(react@19.2.0)':
    dependencies:
      '@tanstack/query-persist-client-core': 5.91.5
      '@tanstack/react-query': 5.90.6(react@19.2.0)
      react: 19.2.0

  '@tanstack/react-query@5.90.6(react@19.2.0)':
    dependencies:
      '@tanstack/query-core': 5.90.6
      react: 19.2.0

  react@19.2.0: {}
